
Microsoft Visual Studio Solution File, Format Version 12.00
# Visual Studio Version 17
VisualStudioVersion = 17.6.33829.357
MinimumVisualStudioVersion = 10.0.40219.1
Project("{FAE04EC0-301F-11D3-BF4B-00C04F79EFBC}") = "Aurora Star Launcher", "Aurora Star Launcher.csproj", "{5B84C7A9-3957-475E-8DB9-560BCBE7888B}"
EndProject
Global
	GlobalSection(SolutionConfigurationPlatforms) = preSolution
		Debug|Any CPU = Debug|Any CPU
		Release|Any CPU = Release|Any CPU
	EndGlobalSection
	GlobalSection(ProjectConfigurationPlatforms) = postSolution
		{5B84C7A9-3957-475E-8DB9-560BCBE7888B}.Debug|Any CPU.ActiveCfg = Debug|Any CPU
		{5B84C7A9-3957-475E-8DB9-560BCBE7888B}.Debug|Any CPU.Build.0 = Debug|Any CPU
		{5B84C7A9-3957-475E-8DB9-560BCBE7888B}.Release|Any CPU.ActiveCfg = Release|Any CPU
		{5B84C7A9-3957-475E-8DB9-560BCBE7888B}.Release|Any CPU.Build.0 = Release|Any CPU
	EndGlobalSection
	GlobalSection(SolutionProperties) = preSolution
		HideSolutionNode = FALSE
	EndGlobalSection
	GlobalSection(ExtensibilityGlobals) = postSolution
		SolutionGuid = {0AE87CF8-43BA-4204-928A-0EF0862FC224}
	EndGlobalSection
EndGlobal
